
Microsoft Visual Studio Solution File, Format Version 12.00
# Visual Studio Version 17
VisualStudioVersion = 17.2.32516.85
MinimumVisualStudioVersion = 10.0.40219.1
Project("{8BC9CEB8-8B4A-11D0-8D11-00A0C91BC942}") = "kinpoNew", "kinpoNew\kinpoNew.vcxproj", "{1C66DB4F-9AF8-4E97-8B40-9997961E62F8}"
EndProject
Project("{8BC9CEB8-8B4A-11D0-8D11-00A0C91BC942}") = "Test_intersect", "Test_intersect\Test_intersect.vcxproj", "{5D7165F6-21DD-4C06-9985-729A6626DE64}"
EndProject
Project("{8BC9CEB8-8B4A-11D0-8D11-00A0C91BC942}") = "Test_point_on_segment", "Test_point_on_segment\Test_point_on_segment.vcxproj", "{B2F97B4C-17E4-4D89-BA85-45AB81DC71CE}"
EndProject
Project("{8BC9CEB8-8B4A-11D0-8D11-00A0C91BC942}") = "Test_ray_intersection_segment", "Test_ray_intersection_segment\Test_ray_intersection_segment.vcxproj", "{906B1DA9-6A33-4D39-8C40-19535E7563F5}"
EndProject
Project("{8BC9CEB8-8B4A-11D0-8D11-00A0C91BC942}") = "Test_check", "Test_check\Test_check.vcxproj", "{1067EA45-E1D5-445B-92BB-E829DCDBDB4E}"
EndProject
Global
	GlobalSection(SolutionConfigurationPlatforms) = preSolution
		Debug|x64 = Debug|x64
		Debug|x86 = Debug|x86
		Profiling|x64 = Profiling|x64
		Profiling|x86 = Profiling|x86
		Release|x64 = Release|x64
		Release|x86 = Release|x86
	EndGlobalSection
	GlobalSection(ProjectConfigurationPlatforms) = postSolution
		{1C66DB4F-9AF8-4E97-8B40-9997961E62F8}.Debug|x64.ActiveCfg = Debug|x64
		{1C66DB4F-9AF8-4E97-8B40-9997961E62F8}.Debug|x64.Build.0 = Debug|x64
		{1C66DB4F-9AF8-4E97-8B40-9997961E62F8}.Debug|x86.ActiveCfg = Debug|Win32
		{1C66DB4F-9AF8-4E97-8B40-9997961E62F8}.Debug|x86.Build.0 = Debug|Win32
		{1C66DB4F-9AF8-4E97-8B40-9997961E62F8}.Profiling|x64.ActiveCfg = Profiling|x64
		{1C66DB4F-9AF8-4E97-8B40-9997961E62F8}.Profiling|x64.Build.0 = Profiling|x64
		{1C66DB4F-9AF8-4E97-8B40-9997961E62F8}.Profiling|x86.ActiveCfg = Profiling|Win32
		{1C66DB4F-9AF8-4E97-8B40-9997961E62F8}.Profiling|x86.Build.0 = Profiling|Win32
		{1C66DB4F-9AF8-4E97-8B40-9997961E62F8}.Release|x64.ActiveCfg = Release|x64
		{1C66DB4F-9AF8-4E97-8B40-9997961E62F8}.Release|x64.Build.0 = Release|x64
		{1C66DB4F-9AF8-4E97-8B40-9997961E62F8}.Release|x86.ActiveCfg = Release|Win32
		{1C66DB4F-9AF8-4E97-8B40-9997961E62F8}.Release|x86.Build.0 = Release|Win32
		{5D7165F6-21DD-4C06-9985-729A6626DE64}.Debug|x64.ActiveCfg = Debug|x64
		{5D7165F6-21DD-4C06-9985-729A6626DE64}.Debug|x64.Build.0 = Debug|x64
		{5D7165F6-21DD-4C06-9985-729A6626DE64}.Debug|x86.ActiveCfg = Debug|Win32
		{5D7165F6-21DD-4C06-9985-729A6626DE64}.Debug|x86.Build.0 = Debug|Win32
		{5D7165F6-21DD-4C06-9985-729A6626DE64}.Profiling|x64.ActiveCfg = Profiling|x64
		{5D7165F6-21DD-4C06-9985-729A6626DE64}.Profiling|x64.Build.0 = Profiling|x64
		{5D7165F6-21DD-4C06-9985-729A6626DE64}.Profiling|x86.ActiveCfg = Profiling|Win32
		{5D7165F6-21DD-4C06-9985-729A6626DE64}.Profiling|x86.Build.0 = Profiling|Win32
		{5D7165F6-21DD-4C06-9985-729A6626DE64}.Release|x64.ActiveCfg = Release|x64
		{5D7165F6-21DD-4C06-9985-729A6626DE64}.Release|x64.Build.0 = Release|x64
		{5D7165F6-21DD-4C06-9985-729A6626DE64}.Release|x86.ActiveCfg = Release|Win32
		{5D7165F6-21DD-4C06-9985-729A6626DE64}.Release|x86.Build.0 = Release|Win32
		{B2F97B4C-17E4-4D89-BA85-45AB81DC71CE}.Debug|x64.ActiveCfg = Debug|x64
		{B2F97B4C-17E4-4D89-BA85-45AB81DC71CE}.Debug|x64.Build.0 = Debug|x64
		{B2F97B4C-17E4-4D89-BA85-45AB81DC71CE}.Debug|x86.ActiveCfg = Debug|Win32
		{B2F97B4C-17E4-4D89-BA85-45AB81DC71CE}.Debug|x86.Build.0 = Debug|Win32
		{B2F97B4C-17E4-4D89-BA85-45AB81DC71CE}.Profiling|x64.ActiveCfg = Profiling|x64
		{B2F97B4C-17E4-4D89-BA85-45AB81DC71CE}.Profiling|x64.Build.0 = Profiling|x64
		{B2F97B4C-17E4-4D89-BA85-45AB81DC71CE}.Profiling|x86.ActiveCfg = Profiling|Win32
		{B2F97B4C-17E4-4D89-BA85-45AB81DC71CE}.Profiling|x86.Build.0 = Profiling|Win32
		{B2F97B4C-17E4-4D89-BA85-45AB81DC71CE}.Release|x64.ActiveCfg = Release|x64
		{B2F97B4C-17E4-4D89-BA85-45AB81DC71CE}.Release|x64.Build.0 = Release|x64
		{B2F97B4C-17E4-4D89-BA85-45AB81DC71CE}.Release|x86.ActiveCfg = Release|Win32
		{B2F97B4C-17E4-4D89-BA85-45AB81DC71CE}.Release|x86.Build.0 = Release|Win32
		{906B1DA9-6A33-4D39-8C40-19535E7563F5}.Debug|x64.ActiveCfg = Debug|x64
		{906B1DA9-6A33-4D39-8C40-19535E7563F5}.Debug|x64.Build.0 = Debug|x64
		{906B1DA9-6A33-4D39-8C40-19535E7563F5}.Debug|x86.ActiveCfg = Debug|Win32
		{906B1DA9-6A33-4D39-8C40-19535E7563F5}.Debug|x86.Build.0 = Debug|Win32
		{906B1DA9-6A33-4D39-8C40-19535E7563F5}.Profiling|x64.ActiveCfg = Profiling|x64
		{906B1DA9-6A33-4D39-8C40-19535E7563F5}.Profiling|x64.Build.0 = Profiling|x64
		{906B1DA9-6A33-4D39-8C40-19535E7563F5}.Profiling|x86.ActiveCfg = Profiling|Win32
		{906B1DA9-6A33-4D39-8C40-19535E7563F5}.Profiling|x86.Build.0 = Profiling|Win32
		{906B1DA9-6A33-4D39-8C40-19535E7563F5}.Release|x64.ActiveCfg = Release|x64
		{906B1DA9-6A33-4D39-8C40-19535E7563F5}.Release|x64.Build.0 = Release|x64
		{906B1DA9-6A33-4D39-8C40-19535E7563F5}.Release|x86.ActiveCfg = Release|Win32
		{906B1DA9-6A33-4D39-8C40-19535E7563F5}.Release|x86.Build.0 = Release|Win32
		{1067EA45-E1D5-445B-92BB-E829DCDBDB4E}.Debug|x64.ActiveCfg = Debug|x64
		{1067EA45-E1D5-445B-92BB-E829DCDBDB4E}.Debug|x64.Build.0 = Debug|x64
		{1067EA45-E1D5-445B-92BB-E829DCDBDB4E}.Debug|x86.ActiveCfg = Debug|Win32
		{1067EA45-E1D5-445B-92BB-E829DCDBDB4E}.Debug|x86.Build.0 = Debug|Win32
		{1067EA45-E1D5-445B-92BB-E829DCDBDB4E}.Profiling|x64.ActiveCfg = Profiling|x64
		{1067EA45-E1D5-445B-92BB-E829DCDBDB4E}.Profiling|x64.Build.0 = Profiling|x64
		{1067EA45-E1D5-445B-92BB-E829DCDBDB4E}.Profiling|x86.ActiveCfg = Profiling|Win32
		{1067EA45-E1D5-445B-92BB-E829DCDBDB4E}.Profiling|x86.Build.0 = Profiling|Win32
		{1067EA45-E1D5-445B-92BB-E829DCDBDB4E}.Release|x64.ActiveCfg = Release|x64
		{1067EA45-E1D5-445B-92BB-E829DCDBDB4E}.Release|x64.Build.0 = Release|x64
		{1067EA45-E1D5-445B-92BB-E829DCDBDB4E}.Release|x86.ActiveCfg = Release|Win32
		{1067EA45-E1D5-445B-92BB-E829DCDBDB4E}.Release|x86.Build.0 = Release|Win32
	EndGlobalSection
	GlobalSection(SolutionProperties) = preSolution
		HideSolutionNode = FALSE
	EndGlobalSection
	GlobalSection(ExtensibilityGlobals) = postSolution
		SolutionGuid = {A23B069C-B290-4053-812D-1DCE3F184E06}
	EndGlobalSection
EndGlobal
